
Microsoft Visual Studio Solution File, Format Version 12.00
# Visual Studio Version 16
VisualStudioVersion = 16.0.33214.272
MinimumVisualStudioVersion = 10.0.40219.1
Project("{FAE04EC0-301F-11D3-BF4B-00C04F79EFBC}") = "PrimeroWEB", "PrimeroWEB\PrimeroWEB.csproj", "{FC4A2ADD-616E-450F-A4C3-3C4461666938}"
EndProject
Global
	GlobalSection(SolutionConfigurationPlatforms) = preSolution
		Debug|Any CPU = Debug|Any CPU
		Release|Any CPU = Release|Any CPU
	EndGlobalSection
	GlobalSection(ProjectConfigurationPlatforms) = postSolution
		{FC4A2ADD-616E-450F-A4C3-3C4461666938}.Debug|Any CPU.ActiveCfg = Debug|Any CPU
		{FC4A2ADD-616E-450F-A4C3-3C4461666938}.Debug|Any CPU.Build.0 = Debug|Any CPU
		{FC4A2ADD-616E-450F-A4C3-3C4461666938}.Release|Any CPU.ActiveCfg = Release|Any CPU
		{FC4A2ADD-616E-450F-A4C3-3C4461666938}.Release|Any CPU.Build.0 = Release|Any CPU
	EndGlobalSection
	GlobalSection(SolutionProperties) = preSolution
		HideSolutionNode = FALSE
	EndGlobalSection
	GlobalSection(ExtensibilityGlobals) = postSolution
		SolutionGuid = {47BA803C-CCF8-4BD4-AF3B-BD3CCB147AFE}
	EndGlobalSection
EndGlobal
